{
  "name": "redclock",
  "version": "1.0.0",
  "lockfileVersion": 3,
  "requires": true,
  "packages": {
    "": {
      "name": "redclock",
      "version": "1.0.0",
      "license": "ISC",
      "dependencies": {
        "config": "^4.1.1",
        "dotenv": "^17.2.3"
      }
    },
    "node_modules/config": {
      "version": "4.1.1",
      "resolved": "https://registry.npmjs.org/config/-/config-4.1.1.tgz",
      "integrity": "sha512-jljfwqNZ7QHwAW9Z9NDZdJARFiu5pjLqQO0K4ooY22iY/bIY78n0afI4ANEawfgQOxri0K/3oTayX8XIauWcLA==",
      "license": "MIT",
      "dependencies": {
        "json5": "^2.2.3"
      },
      "engines": {
        "node": ">= 20.0.0"
      }
    },
    "node_modules/dotenv": {
      "version": "17.2.3",
      "resolved": "https://registry.npmjs.org/dotenv/-/dotenv-17.2.3.tgz",
      "integrity": "sha512-JVUnt+DUIzu87TABbhPmNfVdBDt18BLOWjMUFJMSi/Qqg7NTYtabbvSNJGOJ7afbRuv9D/lngizHtP7QyLQ+9w==",
      "license": "BSD-2-Clause",
      "engines": {
        "node": ">=12"
      },
      "funding": {
        "url": "https://dotenvx.com"
      }
    },
    "node_modules/json5": {
      "version": "2.2.3",
      "resolved": "https://registry.npmjs.org/json5/-/json5-2.2.3.tgz",
      "integrity": "sha512-XmOWe7eyHYH14cLdVPoyg+GOH3rYX++KpzrylJwSW98t3Nk+U8XOl8FWKOgwtzdb8lXGf6zYwDUzeHMWfxasyg==",
      "license": "MIT",
      "bin": {
        "json5": "lib/cli.js"
      },
      "engines": {
        "node": ">=6"
      }
    }
  }
}
